<?xml version="1.0" encoding="utf-8"?>
<Project ToolsVersion="4.0" xmlns="http://schemas.microsoft.com/developer/msbuild/2003">
  <ItemGroup>
    <Filter Include="Source Files">
      <UniqueIdentifier>{4FC737F1-C7A5-4376-A066-2A32D752A2FF}</UniqueIdentifier>
      <Extensions>cpp;c;cc;cxx;def;odl;idl;hpj;bat;asm;asmx</Extensions>
    </Filter>
    <Filter Include="Header Files">
      <UniqueIdentifier>{93995380-89BD-4b04-88EB-625FBE52EBFB}</UniqueIdentifier>
      <Extensions>h;hh;hpp;hxx;hm;inl;inc;xsd</Extensions>
    </Filter>
    <Filter Include="Resource Files">
      <UniqueIdentifier>{67DA6AB6-F800-4c08-8B7A-83BB121AAD01}</UniqueIdentifier>
      <Extensions>rc;ico;cur;bmp;dlg;rc2;rct;bin;rgs;gif;jpg;jpeg;jpe;resx;tiff;tif;png;wav;mfcribbon-ms</Extensions>
    </Filter>
    <Filter Include="Header Files\Http">
      <UniqueIdentifier>{4a839042-25f3-4242-94cb-93c364645f22}</UniqueIdentifier>
    </Filter>
    <Filter Include="Source Files\Sockets">
      <UniqueIdentifier>{fd1e90ef-1bf7-4041-b916-307e8291fcb8}</UniqueIdentifier>
    </Filter>
    <Filter Include="Header Files\Sockets">
      <UniqueIdentifier>{da96a29c-4122-4d69-9aea-881361361a7f}</UniqueIdentifier>
    </Filter>
    <Filter Include="Source Files\Http">
      <UniqueIdentifier>{24a68a7f-5418-42fc-b23e-5c4aa776d9a3}</UniqueIdentifier>
    </Filter>
  </ItemGroup>
  <ItemGroup>
    <ClCompile Include="Main.cpp">
      <Filter>Source Files</Filter>
    </ClCompile>
    <ClCompile Include="string_utils.cpp">
      <Filter>Source Files</Filter>
    </ClCompile>
    <ClCompile Include="ClientConnection.cpp">
      <Filter>Source Files\Sockets</Filter>
    </ClCompile>
    <ClCompile Include="ServerSocket.cpp">
      <Filter>Source Files\Sockets</Filter>
    </ClCompile>
    <ClCompile Include="Sockets.cpp">
      <Filter>Source Files\Sockets</Filter>
    </ClCompile>
    <ClCompile Include="Http.cpp">
      <Filter>Source Files\Http</Filter>
    </ClCompile>
    <ClCompile Include="HttpServer.cpp">
      <Filter>Source Files\Http</Filter>
    </ClCompile>
    <ClCompile Include="HttpUtils.cpp">
      <Filter>Source Files\Http</Filter>
    </ClCompile>
    <ClCompile Include="BufferedClientConnection.cpp">
      <Filter>Source Files\Sockets</Filter>
    </ClCompile>
  </ItemGroup>
  <ItemGroup>
    <ClInclude Include="string_utils.h">
      <Filter>Header Files</Filter>
    </ClInclude>
    <ClInclude Include="Http.h">
      <Filter>Header Files\Http</Filter>
    </ClInclude>
    <ClInclude Include="Sockets.h">
      <Filter>Header Files\Sockets</Filter>
    </ClInclude>
    <ClInclude Include="HttpError.h">
      <Filter>Header Files\Http</Filter>
    </ClInclude>
    <ClInclude Include="HttpServer.h">
      <Filter>Header Files\Http</Filter>
    </ClInclude>
    <ClInclude Include="HttpUtils.h">
      <Filter>Header Files\Http</Filter>
    </ClInclude>
  </ItemGroup>
  <ItemGroup>
    <None Include="res\index.html">
      <Filter>Resource Files</Filter>
    </None>
    <None Include="res\main.css">
      <Filter>Resource Files</Filter>
    </None>
  </ItemGroup>
  <ItemGroup>
    <Image Include="res\img.gif">
      <Filter>Resource Files</Filter>
    </Image>
  </ItemGroup>
</Project>